// !$*UTF8*$!
{
	archiveVersion = 1;
	classes = {
	};
	objectVersion = 56;
	objects = {

/* Begin PBXBuildFile section */
		1E1A2B782D79A91600E3549B /* PokemonManager.swift in Sources */ = {isa = PBXBuildFile; fileRef = 1E1A2B772D79A91600E3549B /* PokemonManager.swift */; };
		1E5E96672D7EF79C00CA0BEB /* SessionManager.swift in Sources */ = {isa = PBXBuildFile; fileRef = 1E5E96662D7EF79C00CA0BEB /* SessionManager.swift */; };
		1E5E96692D7F2F7000CA0BEB /* TimerViewModel.swift in Sources */ = {isa = PBXBuildFile; fileRef = 1E5E96682D7F2F7000CA0BEB /* TimerViewModel.swift */; };
		1E66EE1B2D6CC64600C90339 /* PokeTimerApp.swift in Sources */ = {isa = PBXBuildFile; fileRef = 1E66EE1A2D6CC64600C90339 /* PokeTimerApp.swift */; };
		1E66EE1F2D6CC64B00C90339 /* Assets.xcassets in Resources */ = {isa = PBXBuildFile; fileRef = 1E66EE1E2D6CC64B00C90339 /* Assets.xcassets */; };
		1E66EE222D6CC64B00C90339 /* Preview Assets.xcassets in Resources */ = {isa = PBXBuildFile; fileRef = 1E66EE212D6CC64B00C90339 /* Preview Assets.xcassets */; };
		1E66EE292D6CD40200C90339 /* Session.swift in Sources */ = {isa = PBXBuildFile; fileRef = 1E66EE282D6CD40200C90339 /* Session.swift */; };
		1E66EE2B2D6CDB4000C90339 /* Pokemon.swift in Sources */ = {isa = PBXBuildFile; fileRef = 1E66EE2A2D6CDB4000C90339 /* Pokemon.swift */; };
		1E66EE332D6D07EE00C90339 /* PersistenceManager.swift in Sources */ = {isa = PBXBuildFile; fileRef = 1E66EE322D6D07EE00C90339 /* PersistenceManager.swift */; };
		1E6BA30D2D80886900CD3583 /* PokemonDetailView.swift in Sources */ = {isa = PBXBuildFile; fileRef = 1E6BA3082D80886800CD3583 /* PokemonDetailView.swift */; };
		1E6BA30E2D80886900CD3583 /* SessionsView.swift in Sources */ = {isa = PBXBuildFile; fileRef = 1E6BA3092D80886800CD3583 /* SessionsView.swift */; };
		1E6BA30F2D80886900CD3583 /* TimerView.swift in Sources */ = {isa = PBXBuildFile; fileRef = 1E6BA30A2D80886900CD3583 /* TimerView.swift */; };
		1E6BA3102D80886900CD3583 /* ContentView.swift in Sources */ = {isa = PBXBuildFile; fileRef = 1E6BA30B2D80886900CD3583 /* ContentView.swift */; };
		1E6BA3112D80886900CD3583 /* PokemonListView.swift in Sources */ = {isa = PBXBuildFile; fileRef = 1E6BA30C2D80886900CD3583 /* PokemonListView.swift */; };
		1E6BA3132D80890F00CD3583 /* SessionsViewModel.swift in Sources */ = {isa = PBXBuildFile; fileRef = 1E6BA3122D80890F00CD3583 /* SessionsViewModel.swift */; };
		1E70A9B12D7F789C00908E0C /* PokemonListViewModel.swift in Sources */ = {isa = PBXBuildFile; fileRef = 1E70A9B02D7F789C00908E0C /* PokemonListViewModel.swift */; };
		1E779F8A2D804CF200AB5A01 /* PokemonDetailViewModel.swift in Sources */ = {isa = PBXBuildFile; fileRef = 1E779F892D804CF200AB5A01 /* PokemonDetailViewModel.swift */; };
		1E81C4B62D6DCE6800B73C2E /* ContentViewModel.swift in Sources */ = {isa = PBXBuildFile; fileRef = 1E81C4B52D6DCE6800B73C2E /* ContentViewModel.swift */; };
		1EC166362D819541001AE4DB /* DateFormatterUtil.swift in Sources */ = {isa = PBXBuildFile; fileRef = 1EC166352D819541001AE4DB /* DateFormatterUtil.swift */; };
		1EC166392D81978B001AE4DB /* TimeFormatterUtil.swift in Sources */ = {isa = PBXBuildFile; fileRef = 1EC166382D81978B001AE4DB /* TimeFormatterUtil.swift */; };
		1EC1663B2D81CBA3001AE4DB /* PersistenceService.swift in Sources */ = {isa = PBXBuildFile; fileRef = 1EC1663A2D81CBA3001AE4DB /* PersistenceService.swift */; };
/* End PBXBuildFile section */

/* Begin PBXFileReference section */
		1E1A2B772D79A91600E3549B /* PokemonManager.swift */ = {isa = PBXFileReference; lastKnownFileType = sourcecode.swift; path = PokemonManager.swift; sourceTree = "<group>"; };
		1E5E96662D7EF79C00CA0BEB /* SessionManager.swift */ = {isa = PBXFileReference; lastKnownFileType = sourcecode.swift; path = SessionManager.swift; sourceTree = "<group>"; };
		1E5E96682D7F2F7000CA0BEB /* TimerViewModel.swift */ = {isa = PBXFileReference; fileEncoding = 4; lastKnownFileType = sourcecode.swift; path = TimerViewModel.swift; sourceTree = "<group>"; };
		1E66EE172D6CC64600C90339 /* PokeTimer.app */ = {isa = PBXFileReference; explicitFileType = wrapper.application; includeInIndex = 0; path = PokeTimer.app; sourceTree = BUILT_PRODUCTS_DIR; };
		1E66EE1A2D6CC64600C90339 /* PokeTimerApp.swift */ = {isa = PBXFileReference; lastKnownFileType = sourcecode.swift; path = PokeTimerApp.swift; sourceTree = "<group>"; };
		1E66EE1E2D6CC64B00C90339 /* Assets.xcassets */ = {isa = PBXFileReference; lastKnownFileType = folder.assetcatalog; path = Assets.xcassets; sourceTree = "<group>"; };
		1E66EE212D6CC64B00C90339 /* Preview Assets.xcassets */ = {isa = PBXFileReference; lastKnownFileType = folder.assetcatalog; path = "Preview Assets.xcassets"; sourceTree = "<group>"; };
		1E66EE282D6CD40200C90339 /* Session.swift */ = {isa = PBXFileReference; lastKnownFileType = sourcecode.swift; path = Session.swift; sourceTree = "<group>"; };
		1E66EE2A2D6CDB4000C90339 /* Pokemon.swift */ = {isa = PBXFileReference; lastKnownFileType = sourcecode.swift; path = Pokemon.swift; sourceTree = "<group>"; };
		1E66EE322D6D07EE00C90339 /* PersistenceManager.swift */ = {isa = PBXFileReference; lastKnownFileType = sourcecode.swift; path = PersistenceManager.swift; sourceTree = "<group>"; };
		1E6BA3082D80886800CD3583 /* PokemonDetailView.swift */ = {isa = PBXFileReference; fileEncoding = 4; lastKnownFileType = sourcecode.swift; path = PokemonDetailView.swift; sourceTree = "<group>"; };
		1E6BA3092D80886800CD3583 /* SessionsView.swift */ = {isa = PBXFileReference; fileEncoding = 4; lastKnownFileType = sourcecode.swift; path = SessionsView.swift; sourceTree = "<group>"; };
		1E6BA30A2D80886900CD3583 /* TimerView.swift */ = {isa = PBXFileReference; fileEncoding = 4; lastKnownFileType = sourcecode.swift; path = TimerView.swift; sourceTree = "<group>"; };
		1E6BA30B2D80886900CD3583 /* ContentView.swift */ = {isa = PBXFileReference; fileEncoding = 4; lastKnownFileType = sourcecode.swift; path = ContentView.swift; sourceTree = "<group>"; };
		1E6BA30C2D80886900CD3583 /* PokemonListView.swift */ = {isa = PBXFileReference; fileEncoding = 4; lastKnownFileType = sourcecode.swift; path = PokemonListView.swift; sourceTree = "<group>"; };
		1E6BA3122D80890F00CD3583 /* SessionsViewModel.swift */ = {isa = PBXFileReference; fileEncoding = 4; lastKnownFileType = sourcecode.swift; path = SessionsViewModel.swift; sourceTree = "<group>"; };
		1E70A9B02D7F789C00908E0C /* PokemonListViewModel.swift */ = {isa = PBXFileReference; fileEncoding = 4; lastKnownFileType = sourcecode.swift; path = PokemonListViewModel.swift; sourceTree = "<group>"; };
		1E779F892D804CF200AB5A01 /* PokemonDetailViewModel.swift */ = {isa = PBXFileReference; lastKnownFileType = sourcecode.swift; path = PokemonDetailViewModel.swift; sourceTree = "<group>"; };
		1E81C4B52D6DCE6800B73C2E /* ContentViewModel.swift */ = {isa = PBXFileReference; lastKnownFileType = sourcecode.swift; path = ContentViewModel.swift; sourceTree = "<group>"; };
		1EC166352D819541001AE4DB /* DateFormatterUtil.swift */ = {isa = PBXFileReference; lastKnownFileType = sourcecode.swift; path = DateFormatterUtil.swift; sourceTree = "<group>"; };
		1EC166382D81978B001AE4DB /* TimeFormatterUtil.swift */ = {isa = PBXFileReference; lastKnownFileType = sourcecode.swift; path = TimeFormatterUtil.swift; sourceTree = "<group>"; };
		1EC1663A2D81CBA3001AE4DB /* PersistenceService.swift */ = {isa = PBXFileReference; lastKnownFileType = sourcecode.swift; path = PersistenceService.swift; sourceTree = "<group>"; };
/* End PBXFileReference section */

/* Begin PBXFrameworksBuildPhase section */
		1E66EE142D6CC64600C90339 /* Frameworks */ = {
			isa = PBXFrameworksBuildPhase;
			buildActionMask = 2147483647;
			files = (
			);
			runOnlyForDeploymentPostprocessing = 0;
		};
/* End PBXFrameworksBuildPhase section */

/* Begin PBXGroup section */
		1E1A2B762D79A8DA00E3549B /* Entity */ = {
			isa = PBXGroup;
			children = (
				1E66EE2A2D6CDB4000C90339 /* Pokemon.swift */,
				1E66EE282D6CD40200C90339 /* Session.swift */,
			);
			path = Entity;
			sourceTree = "<group>";
		};
		1E66EE0E2D6CC64600C90339 = {
			isa = PBXGroup;
			children = (
				1E66EE192D6CC64600C90339 /* PokeTimer */,
				1E66EE182D6CC64600C90339 /* Products */,
			);
			sourceTree = "<group>";
		};
		1E66EE182D6CC64600C90339 /* Products */ = {
			isa = PBXGroup;
			children = (
				1E66EE172D6CC64600C90339 /* PokeTimer.app */,
			);
			name = Products;
			sourceTree = "<group>";
		};
		1E66EE192D6CC64600C90339 /* PokeTimer */ = {
			isa = PBXGroup;
			children = (
				1E66EE1A2D6CC64600C90339 /* PokeTimerApp.swift */,
				1E1A2B762D79A8DA00E3549B /* Entity */,
				1E81C4BB2D6E3E2000B73C2E /* Model */,
				1E81C4BE2D6F121200B73C2E /* ViewModel */,
				1E81C4BF2D6F123800B73C2E /* View */,
				1E81C4C02D6F124F00B73C2E /* Persistence */,
				1EC166372D819547001AE4DB /* Utils */,
				1E66EE1E2D6CC64B00C90339 /* Assets.xcassets */,
				1E66EE202D6CC64B00C90339 /* Preview Content */,
			);
			path = PokeTimer;
			sourceTree = "<group>";
		};
		1E66EE202D6CC64B00C90339 /* Preview Content */ = {
			isa = PBXGroup;
			children = (
				1E66EE212D6CC64B00C90339 /* Preview Assets.xcassets */,
			);
			path = "Preview Content";
			sourceTree = "<group>";
		};
		1E81C4BB2D6E3E2000B73C2E /* Model */ = {
			isa = PBXGroup;
			children = (
				1E1A2B772D79A91600E3549B /* PokemonManager.swift */,
				1E5E96662D7EF79C00CA0BEB /* SessionManager.swift */,
			);
			path = Model;
			sourceTree = "<group>";
		};
		1E81C4BE2D6F121200B73C2E /* ViewModel */ = {
			isa = PBXGroup;
			children = (
				1E81C4B52D6DCE6800B73C2E /* ContentViewModel.swift */,
				1E5E96682D7F2F7000CA0BEB /* TimerViewModel.swift */,
				1E70A9B02D7F789C00908E0C /* PokemonListViewModel.swift */,
				1E779F892D804CF200AB5A01 /* PokemonDetailViewModel.swift */,
				1E6BA3122D80890F00CD3583 /* SessionsViewModel.swift */,
			);
			path = ViewModel;
			sourceTree = "<group>";
		};
		1E81C4BF2D6F123800B73C2E /* View */ = {
			isa = PBXGroup;
			children = (
				1E6BA30B2D80886900CD3583 /* ContentView.swift */,
				1E6BA30A2D80886900CD3583 /* TimerView.swift */,
				1E6BA3082D80886800CD3583 /* PokemonDetailView.swift */,
				1E6BA30C2D80886900CD3583 /* PokemonListView.swift */,
				1E6BA3092D80886800CD3583 /* SessionsView.swift */,
			);
			path = View;
			sourceTree = "<group>";
		};
		1E81C4C02D6F124F00B73C2E /* Persistence */ = {
			isa = PBXGroup;
			children = (
				1E66EE322D6D07EE00C90339 /* PersistenceManager.swift */,
				1EC1663A2D81CBA3001AE4DB /* PersistenceService.swift */,
			);
			path = Persistence;
			sourceTree = "<group>";
		};
		1EC166372D819547001AE4DB /* Utils */ = {
			isa = PBXGroup;
			children = (
				1EC166352D819541001AE4DB /* DateFormatterUtil.swift */,
				1EC166382D81978B001AE4DB /* TimeFormatterUtil.swift */,
			);
			path = Utils;
			sourceTree = "<group>";
		};
/* End PBXGroup section */

/* Begin PBXNativeTarget section */
		1E66EE162D6CC64600C90339 /* PokeTimer */ = {
			isa = PBXNativeTarget;
			buildConfigurationList = 1E66EE252D6CC64B00C90339 /* Build configuration list for PBXNativeTarget "PokeTimer" */;
			buildPhases = (
				1E66EE132D6CC64600C90339 /* Sources */,
				1E66EE142D6CC64600C90339 /* Frameworks */,
				1E66EE152D6CC64600C90339 /* Resources */,
			);
			buildRules = (
			);
			dependencies = (
			);
			name = PokeTimer;
			productName = PokeTimer;
			productReference = 1E66EE172D6CC64600C90339 /* PokeTimer.app */;
			productType = "com.apple.product-type.application";
		};
/* End PBXNativeTarget section */

/* Begin PBXProject section */
		1E66EE0F2D6CC64600C90339 /* Project object */ = {
			isa = PBXProject;
			attributes = {
				BuildIndependentTargetsInParallel = 1;
				LastSwiftUpdateCheck = 1520;
				LastUpgradeCheck = 1520;
				TargetAttributes = {
					1E66EE162D6CC64600C90339 = {
						CreatedOnToolsVersion = 15.2;
					};
				};
			};
			buildConfigurationList = 1E66EE122D6CC64600C90339 /* Build configuration list for PBXProject "PokeTimer" */;
			compatibilityVersion = "Xcode 14.0";
			developmentRegion = en;
			hasScannedForEncodings = 0;
			knownRegions = (
				en,
				Base,
			);
			mainGroup = 1E66EE0E2D6CC64600C90339;
			productRefGroup = 1E66EE182D6CC64600C90339 /* Products */;
			projectDirPath = "";
			projectRoot = "";
			targets = (
				1E66EE162D6CC64600C90339 /* PokeTimer */,
			);
		};
/* End PBXProject section */

/* Begin PBXResourcesBuildPhase section */
		1E66EE152D6CC64600C90339 /* Resources */ = {
			isa = PBXResourcesBuildPhase;
			buildActionMask = 2147483647;
			files = (
				1E66EE222D6CC64B00C90339 /* Preview Assets.xcassets in Resources */,
				1E66EE1F2D6CC64B00C90339 /* Assets.xcassets in Resources */,
			);
			runOnlyForDeploymentPostprocessing = 0;
		};
/* End PBXResourcesBuildPhase section */

/* Begin PBXSourcesBuildPhase section */
		1E66EE132D6CC64600C90339 /* Sources */ = {
			isa = PBXSourcesBuildPhase;
			buildActionMask = 2147483647;
			files = (
				1E5E96692D7F2F7000CA0BEB /* TimerViewModel.swift in Sources */,
				1E66EE332D6D07EE00C90339 /* PersistenceManager.swift in Sources */,
				1E6BA3102D80886900CD3583 /* ContentView.swift in Sources */,
				1E1A2B782D79A91600E3549B /* PokemonManager.swift in Sources */,
				1E6BA3132D80890F00CD3583 /* SessionsViewModel.swift in Sources */,
				1E81C4B62D6DCE6800B73C2E /* ContentViewModel.swift in Sources */,
				1E6BA30D2D80886900CD3583 /* PokemonDetailView.swift in Sources */,
				1E66EE2B2D6CDB4000C90339 /* Pokemon.swift in Sources */,
				1EC166362D819541001AE4DB /* DateFormatterUtil.swift in Sources */,
				1E6BA30F2D80886900CD3583 /* TimerView.swift in Sources */,
				1E66EE1B2D6CC64600C90339 /* PokeTimerApp.swift in Sources */,
				1EC1663B2D81CBA3001AE4DB /* PersistenceService.swift in Sources */,
				1E6BA30E2D80886900CD3583 /* SessionsView.swift in Sources */,
				1E70A9B12D7F789C00908E0C /* PokemonListViewModel.swift in Sources */,
				1E779F8A2D804CF200AB5A01 /* PokemonDetailViewModel.swift in Sources */,
				1E5E96672D7EF79C00CA0BEB /* SessionManager.swift in Sources */,
				1EC166392D81978B001AE4DB /* TimeFormatterUtil.swift in Sources */,
				1E6BA3112D80886900CD3583 /* PokemonListView.swift in Sources */,
				1E66EE292D6CD40200C90339 /* Session.swift in Sources */,
			);
			runOnlyForDeploymentPostprocessing = 0;
		};
/* End PBXSourcesBuildPhase section */

/* Begin XCBuildConfiguration section */
		1E66EE232D6CC64B00C90339 /* Debug */ = {
			isa = XCBuildConfiguration;
			buildSettings = {
				ALWAYS_SEARCH_USER_PATHS = NO;
				ASSETCATALOG_COMPILER_GENERATE_SWIFT_ASSET_SYMBOL_EXTENSIONS = YES;
				CLANG_ANALYZER_NONNULL = YES;
				CLANG_ANALYZER_NUMBER_OBJECT_CONVERSION = YES_AGGRESSIVE;
				CLANG_CXX_LANGUAGE_STANDARD = "gnu++20";
				CLANG_ENABLE_MODULES = YES;
				CLANG_ENABLE_OBJC_ARC = YES;
				CLANG_ENABLE_OBJC_WEAK = YES;
				CLANG_WARN_BLOCK_CAPTURE_AUTORELEASING = YES;
				CLANG_WARN_BOOL_CONVERSION = YES;
				CLANG_WARN_COMMA = YES;
				CLANG_WARN_CONSTANT_CONVERSION = YES;
				CLANG_WARN_DEPRECATED_OBJC_IMPLEMENTATIONS = YES;
				CLANG_WARN_DIRECT_OBJC_ISA_USAGE = YES_ERROR;
				CLANG_WARN_DOCUMENTATION_COMMENTS = YES;
				CLANG_WARN_EMPTY_BODY = YES;
				CLANG_WARN_ENUM_CONVERSION = YES;
				CLANG_WARN_INFINITE_RECURSION = YES;
				CLANG_WARN_INT_CONVERSION = YES;
				CLANG_WARN_NON_LITERAL_NULL_CONVERSION = YES;
				CLANG_WARN_OBJC_IMPLICIT_RETAIN_SELF = YES;
				CLANG_WARN_OBJC_LITERAL_CONVERSION = YES;
				CLANG_WARN_OBJC_ROOT_CLASS = YES_ERROR;
				CLANG_WARN_QUOTED_INCLUDE_IN_FRAMEWORK_HEADER = YES;
				CLANG_WARN_RANGE_LOOP_ANALYSIS = YES;
				CLANG_WARN_STRICT_PROTOTYPES = YES;
				CLANG_WARN_SUSPICIOUS_MOVE = YES;
				CLANG_WARN_UNGUARDED_AVAILABILITY = YES_AGGRESSIVE;
				CLANG_WARN_UNREACHABLE_CODE = YES;
				CLANG_WARN__DUPLICATE_METHOD_MATCH = YES;
				COPY_PHASE_STRIP = NO;
				DEBUG_INFORMATION_FORMAT = dwarf;
				ENABLE_STRICT_OBJC_MSGSEND = YES;
				ENABLE_TESTABILITY = YES;
				ENABLE_USER_SCRIPT_SANDBOXING = YES;
				GCC_C_LANGUAGE_STANDARD = gnu17;
				GCC_DYNAMIC_NO_PIC = NO;
				GCC_NO_COMMON_BLOCKS = YES;
				GCC_OPTIMIZATION_LEVEL = 0;
				GCC_PREPROCESSOR_DEFINITIONS = (
					"DEBUG=1",
					"$(inherited)",
				);
				GCC_WARN_64_TO_32_BIT_CONVERSION = YES;
				GCC_WARN_ABOUT_RETURN_TYPE = YES_ERROR;
				GCC_WARN_UNDECLARED_SELECTOR = YES;
				GCC_WARN_UNINITIALIZED_AUTOS = YES_AGGRESSIVE;
				GCC_WARN_UNUSED_FUNCTION = YES;
				GCC_WARN_UNUSED_VARIABLE = YES;
				IPHONEOS_DEPLOYMENT_TARGET = 17.2;
				LOCALIZATION_PREFERS_STRING_CATALOGS = YES;
				MTL_ENABLE_DEBUG_INFO = INCLUDE_SOURCE;
				MTL_FAST_MATH = YES;
				ONLY_ACTIVE_ARCH = YES;
				SDKROOT = iphoneos;
				SWIFT_ACTIVE_COMPILATION_CONDITIONS = "DEBUG $(inherited)";
				SWIFT_OPTIMIZATION_LEVEL = "-Onone";
			};
			name = Debug;
		};
		1E66EE242D6CC64B00C90339 /* Release */ = {
			isa = XCBuildConfiguration;
			buildSettings = {
				ALWAYS_SEARCH_USER_PATHS = NO;
				ASSETCATALOG_COMPILER_GENERATE_SWIFT_ASSET_SYMBOL_EXTENSIONS = YES;
				CLANG_ANALYZER_NONNULL = YES;
				CLANG_ANALYZER_NUMBER_OBJECT_CONVERSION = YES_AGGRESSIVE;
				CLANG_CXX_LANGUAGE_STANDARD = "gnu++20";
				CLANG_ENABLE_MODULES = YES;
				CLANG_ENABLE_OBJC_ARC = YES;
				CLANG_ENABLE_OBJC_WEAK = YES;
				CLANG_WARN_BLOCK_CAPTURE_AUTORELEASING = YES;
				CLANG_WARN_BOOL_CONVERSION = YES;
				CLANG_WARN_COMMA = YES;
				CLANG_WARN_CONSTANT_CONVERSION = YES;
				CLANG_WARN_DEPRECATED_OBJC_IMPLEMENTATIONS = YES;
				CLANG_WARN_DIRECT_OBJC_ISA_USAGE = YES_ERROR;
				CLANG_WARN_DOCUMENTATION_COMMENTS = YES;
				CLANG_WARN_EMPTY_BODY = YES;
				CLANG_WARN_ENUM_CONVERSION = YES;
				CLANG_WARN_INFINITE_RECURSION = YES;
				CLANG_WARN_INT_CONVERSION = YES;
				CLANG_WARN_NON_LITERAL_NULL_CONVERSION = YES;
				CLANG_WARN_OBJC_IMPLICIT_RETAIN_SELF = YES;
				CLANG_WARN_OBJC_LITERAL_CONVERSION = YES;
				CLANG_WARN_OBJC_ROOT_CLASS = YES_ERROR;
				CLANG_WARN_QUOTED_INCLUDE_IN_FRAMEWORK_HEADER = YES;
				CLANG_WARN_RANGE_LOOP_ANALYSIS = YES;
				CLANG_WARN_STRICT_PROTOTYPES = YES;
				CLANG_WARN_SUSPICIOUS_MOVE = YES;
				CLANG_WARN_UNGUARDED_AVAILABILITY = YES_AGGRESSIVE;
				CLANG_WARN_UNREACHABLE_CODE = YES;
				CLANG_WARN__DUPLICATE_METHOD_MATCH = YES;
				COPY_PHASE_STRIP = NO;
				DEBUG_INFORMATION_FORMAT = "dwarf-with-dsym";
				ENABLE_NS_ASSERTIONS = NO;
				ENABLE_STRICT_OBJC_MSGSEND = YES;
				ENABLE_USER_SCRIPT_SANDBOXING = YES;
				GCC_C_LANGUAGE_STANDARD = gnu17;
				GCC_NO_COMMON_BLOCKS = YES;
				GCC_WARN_64_TO_32_BIT_CONVERSION = YES;
				GCC_WARN_ABOUT_RETURN_TYPE = YES_ERROR;
				GCC_WARN_UNDECLARED_SELECTOR = YES;
				GCC_WARN_UNINITIALIZED_AUTOS = YES_AGGRESSIVE;
				GCC_WARN_UNUSED_FUNCTION = YES;
				GCC_WARN_UNUSED_VARIABLE = YES;
				IPHONEOS_DEPLOYMENT_TARGET = 17.2;
				LOCALIZATION_PREFERS_STRING_CATALOGS = YES;
				MTL_ENABLE_DEBUG_INFO = NO;
				MTL_FAST_MATH = YES;
				SDKROOT = iphoneos;
				SWIFT_COMPILATION_MODE = wholemodule;
				VALIDATE_PRODUCT = YES;
			};
			name = Release;
		};
		1E66EE262D6CC64B00C90339 /* Debug */ = {
			isa = XCBuildConfiguration;
			buildSettings = {
				ASSETCATALOG_COMPILER_APPICON_NAME = AppIcon;
				ASSETCATALOG_COMPILER_GLOBAL_ACCENT_COLOR_NAME = AccentColor;
				CODE_SIGN_STYLE = Automatic;
				CURRENT_PROJECT_VERSION = 1;
				DEVELOPMENT_ASSET_PATHS = "\"PokeTimer/Preview Content\"";
				DEVELOPMENT_TEAM = JG8KZK844U;
				ENABLE_PREVIEWS = YES;
				GENERATE_INFOPLIST_FILE = YES;
				INFOPLIST_KEY_UIApplicationSceneManifest_Generation = YES;
				INFOPLIST_KEY_UIApplicationSupportsIndirectInputEvents = YES;
				INFOPLIST_KEY_UILaunchScreen_Generation = YES;
				INFOPLIST_KEY_UISupportedInterfaceOrientations_iPad = "UIInterfaceOrientationPortrait UIInterfaceOrientationPortraitUpsideDown UIInterfaceOrientationLandscapeLeft UIInterfaceOrientationLandscapeRight";
				INFOPLIST_KEY_UISupportedInterfaceOrientations_iPhone = "UIInterfaceOrientationPortrait UIInterfaceOrientationLandscapeLeft UIInterfaceOrientationLandscapeRight";
				LD_RUNPATH_SEARCH_PATHS = (
					"$(inherited)",
					"@executable_path/Frameworks",
				);
				MARKETING_VERSION = 1.0;
				PRODUCT_BUNDLE_IDENTIFIER = com.studyduude.PokeTimer;
				PRODUCT_NAME = "$(TARGET_NAME)";
				SWIFT_EMIT_LOC_STRINGS = YES;
				SWIFT_VERSION = 5.0;
				TARGETED_DEVICE_FAMILY = "1,2";
			};
			name = Debug;
		};
		1E66EE272D6CC64B00C90339 /* Release */ = {
			isa = XCBuildConfiguration;
			buildSettings = {
				ASSETCATALOG_COMPILER_APPICON_NAME = AppIcon;
				ASSETCATALOG_COMPILER_GLOBAL_ACCENT_COLOR_NAME = AccentColor;
				CODE_SIGN_STYLE = Automatic;
				CURRENT_PROJECT_VERSION = 1;
				DEVELOPMENT_ASSET_PATHS = "\"PokeTimer/Preview Content\"";
				DEVELOPMENT_TEAM = JG8KZK844U;
				ENABLE_PREVIEWS = YES;
				GENERATE_INFOPLIST_FILE = YES;
				INFOPLIST_KEY_UIApplicationSceneManifest_Generation = YES;
				INFOPLIST_KEY_UIApplicationSupportsIndirectInputEvents = YES;
				INFOPLIST_KEY_UILaunchScreen_Generation = YES;
				INFOPLIST_KEY_UISupportedInterfaceOrientations_iPad = "UIInterfaceOrientationPortrait UIInterfaceOrientationPortraitUpsideDown UIInterfaceOrientationLandscapeLeft UIInterfaceOrientationLandscapeRight";
				INFOPLIST_KEY_UISupportedInterfaceOrientations_iPhone = "UIInterfaceOrientationPortrait UIInterfaceOrientationLandscapeLeft UIInterfaceOrientationLandscapeRight";
				LD_RUNPATH_SEARCH_PATHS = (
					"$(inherited)",
					"@executable_path/Frameworks",
				);
				MARKETING_VERSION = 1.0;
				PRODUCT_BUNDLE_IDENTIFIER = com.studyduude.PokeTimer;
				PRODUCT_NAME = "$(TARGET_NAME)";
				SWIFT_EMIT_LOC_STRINGS = YES;
				SWIFT_VERSION = 5.0;
				TARGETED_DEVICE_FAMILY = "1,2";
			};
			name = Release;
		};
/* End XCBuildConfiguration section */

/* Begin XCConfigurationList section */
		1E66EE122D6CC64600C90339 /* Build configuration list for PBXProject "PokeTimer" */ = {
			isa = XCConfigurationList;
			buildConfigurations = (
				1E66EE232D6CC64B00C90339 /* Debug */,
				1E66EE242D6CC64B00C90339 /* Release */,
			);
			defaultConfigurationIsVisible = 0;
			defaultConfigurationName = Release;
		};
		1E66EE252D6CC64B00C90339 /* Build configuration list for PBXNativeTarget "PokeTimer" */ = {
			isa = XCConfigurationList;
			buildConfigurations = (
				1E66EE262D6CC64B00C90339 /* Debug */,
				1E66EE272D6CC64B00C90339 /* Release */,
			);
			defaultConfigurationIsVisible = 0;
			defaultConfigurationName = Release;
		};
/* End XCConfigurationList section */
	};
	rootObject = 1E66EE0F2D6CC64600C90339 /* Project object */;
}
